// !$*UTF8*$!
{
	archiveVersion = 1;
	classes = {
	};
	objectVersion = 51;
	objects = {

/* Begin PBXBuildFile section */
		0FA091962F7C291141693562 /* Pods_MiniGram.framework in Frameworks */ = {isa = PBXBuildFile; fileRef = CDD41BE0269872D6E705F4CB /* Pods_MiniGram.framework */; };
		341C5D21242D43B400780FFD /* CommentViewController.swift in Sources */ = {isa = PBXBuildFile; fileRef = 341C5D20242D43B400780FFD /* CommentViewController.swift */; };
		341C5D23242D43C900780FFD /* Comment.storyboard in Resources */ = {isa = PBXBuildFile; fileRef = 341C5D22242D43C900780FFD /* Comment.storyboard */; };
		341E671523FC8B61008EADA7 /* CreateAccountViewController.swift in Sources */ = {isa = PBXBuildFile; fileRef = 341E671423FC8B61008EADA7 /* CreateAccountViewController.swift */; };
		347644FF24100882007F8F70 /* HomeFeedTableViewCell.swift in Sources */ = {isa = PBXBuildFile; fileRef = 347644FE24100882007F8F70 /* HomeFeedTableViewCell.swift */; };
		34CE6B67242D526C00F6D121 /* CommentTableViewCell.swift in Sources */ = {isa = PBXBuildFile; fileRef = 34CE6B66242D526C00F6D121 /* CommentTableViewCell.swift */; };
		7C80321224403F6400875371 /* SubmitPostViewController.swift in Sources */ = {isa = PBXBuildFile; fileRef = 7C80321124403F6400875371 /* SubmitPostViewController.swift */; };
		7C882AE024442AEF0083A327 /* DecideViewController.swift in Sources */ = {isa = PBXBuildFile; fileRef = 7C882ADF24442AEF0083A327 /* DecideViewController.swift */; };
		7C882AE224468B950083A327 /* AddMiniatureViewController.swift in Sources */ = {isa = PBXBuildFile; fileRef = 7C882AE124468B950083A327 /* AddMiniatureViewController.swift */; };
		9D1C47642439016A009329A3 /* ChangePasswordViewController.swift in Sources */ = {isa = PBXBuildFile; fileRef = 9D1C47632439016A009329A3 /* ChangePasswordViewController.swift */; };
		9D21DBCE240F33B5004BCC2C /* GalleryViewController.swift in Sources */ = {isa = PBXBuildFile; fileRef = 9D21DBCD240F33B5004BCC2C /* GalleryViewController.swift */; };
		9D21DBD0240F38B1004BCC2C /* Assets.xcassets in Resources */ = {isa = PBXBuildFile; fileRef = 9D21DBCF240F38B1004BCC2C /* Assets.xcassets */; };
		9D21DBF424100DD6004BCC2C /* GalleryCollectionViewCell.swift in Sources */ = {isa = PBXBuildFile; fileRef = 9D21DBF324100DD6004BCC2C /* GalleryCollectionViewCell.swift */; };
		9D422C7C243680050054FF65 /* Settings.storyboard in Resources */ = {isa = PBXBuildFile; fileRef = 9D422C7B243680050054FF65 /* Settings.storyboard */; };
		9D422C7E2436800F0054FF65 /* SettingsViewController.swift in Sources */ = {isa = PBXBuildFile; fileRef = 9D422C7D2436800F0054FF65 /* SettingsViewController.swift */; };
		9D4CA07324393F6F0051A4CB /* logo.png in Resources */ = {isa = PBXBuildFile; fileRef = 9D4CA07224393F6E0051A4CB /* logo.png */; };
		9D709C012441471200611642 /* MiniaturesCollectionViewCell.swift in Sources */ = {isa = PBXBuildFile; fileRef = 9D709C002441471200611642 /* MiniaturesCollectionViewCell.swift */; };
		9D709C04244178F100611642 /* Miniature.storyboard in Resources */ = {isa = PBXBuildFile; fileRef = 9D709C03244178F100611642 /* Miniature.storyboard */; };
		9D709C072441817A00611642 /* MiniatureViewController.swift in Sources */ = {isa = PBXBuildFile; fileRef = 9D709C062441817A00611642 /* MiniatureViewController.swift */; };
		9D7A5396242A84C400997A4F /* MiniaturesTableViewController.swift in Sources */ = {isa = PBXBuildFile; fileRef = 9D7A5395242A84C400997A4F /* MiniaturesTableViewController.swift */; };
		9D7A5398242A851C00997A4F /* MiniaturesTableViewCell.swift in Sources */ = {isa = PBXBuildFile; fileRef = 9D7A5397242A851C00997A4F /* MiniaturesTableViewCell.swift */; };
		9DAE2D532437F650003F5597 /* EditProfileViewController.swift in Sources */ = {isa = PBXBuildFile; fileRef = 9DAE2D522437F650003F5597 /* EditProfileViewController.swift */; };
		F3126A142410533C00AFE85B /* Comment.swift in Sources */ = {isa = PBXBuildFile; fileRef = F3126A132410533C00AFE85B /* Comment.swift */; };
		F33FD9D3243ED3750063B466 /* Colors.xcassets in Resources */ = {isa = PBXBuildFile; fileRef = F33FD9D2243ED3750063B466 /* Colors.xcassets */; };
		F354DD7E2406E2C700370C04 /* GenericPost.swift in Sources */ = {isa = PBXBuildFile; fileRef = F354DD7D2406E2C700370C04 /* GenericPost.swift */; };
		F354DD802406E2D500370C04 /* GenericMini.swift in Sources */ = {isa = PBXBuildFile; fileRef = F354DD7F2406E2D500370C04 /* GenericMini.swift */; };
		F354DD822406E2DF00370C04 /* GenericUser.swift in Sources */ = {isa = PBXBuildFile; fileRef = F354DD812406E2DF00370C04 /* GenericUser.swift */; };
		F354DDAA24073F6800370C04 /* Add.storyboard in Resources */ = {isa = PBXBuildFile; fileRef = F354DDA924073F6800370C04 /* Add.storyboard */; };
		F354DDAC24073F7C00370C04 /* Profile.storyboard in Resources */ = {isa = PBXBuildFile; fileRef = F354DDAB24073F7C00370C04 /* Profile.storyboard */; };
		F354DDAE24073F8B00370C04 /* Explore.storyboard in Resources */ = {isa = PBXBuildFile; fileRef = F354DDAD24073F8B00370C04 /* Explore.storyboard */; };
		F354DDB024073F9500370C04 /* Home.storyboard in Resources */ = {isa = PBXBuildFile; fileRef = F354DDAF24073F9500370C04 /* Home.storyboard */; };
		F354DDB62407429900370C04 /* CaptureViewController.swift in Sources */ = {isa = PBXBuildFile; fileRef = F354DDB52407429900370C04 /* CaptureViewController.swift */; };
		F354DDB8240742A700370C04 /* ProfileViewController.swift in Sources */ = {isa = PBXBuildFile; fileRef = F354DDB7240742A700370C04 /* ProfileViewController.swift */; };
		F354DDBA240742B000370C04 /* ExploreViewController.swift in Sources */ = {isa = PBXBuildFile; fileRef = F354DDB9240742B000370C04 /* ExploreViewController.swift */; };
		F354DDBC240742B900370C04 /* HomeViewController.swift in Sources */ = {isa = PBXBuildFile; fileRef = F354DDBB240742B900370C04 /* HomeViewController.swift */; };
		F354DDBE2407A87600370C04 /* ExploreCollectionViewCell.swift in Sources */ = {isa = PBXBuildFile; fileRef = F354DDBD2407A87600370C04 /* ExploreCollectionViewCell.swift */; };
		F354DDC02408564E00370C04 /* ExploreSearchViewController.swift in Sources */ = {isa = PBXBuildFile; fileRef = F354DDBF2408564E00370C04 /* ExploreSearchViewController.swift */; };
		F354DDC224088CBD00370C04 /* ExploreSearchTableViewCell.swift in Sources */ = {isa = PBXBuildFile; fileRef = F354DDC124088CBD00370C04 /* ExploreSearchTableViewCell.swift */; };
		F362F2AE241B19E90032FDEF /* Post.storyboard in Resources */ = {isa = PBXBuildFile; fileRef = F362F2AC241B19E90032FDEF /* Post.storyboard */; };
		F362F2AF241B19E90032FDEF /* PostViewController.swift in Sources */ = {isa = PBXBuildFile; fileRef = F362F2AD241B19E90032FDEF /* PostViewController.swift */; };
		F3EBB67F23F455D9005AD08D /* AppDelegate.swift in Sources */ = {isa = PBXBuildFile; fileRef = F3EBB67E23F455D9005AD08D /* AppDelegate.swift */; };
		F3EBB68123F455D9005AD08D /* SceneDelegate.swift in Sources */ = {isa = PBXBuildFile; fileRef = F3EBB68023F455D9005AD08D /* SceneDelegate.swift */; };
		F3EBB68623F455D9005AD08D /* SignedIn.storyboard in Resources */ = {isa = PBXBuildFile; fileRef = F3EBB68423F455D9005AD08D /* SignedIn.storyboard */; };
		F3EBB68823F455DB005AD08D /* Assets.xcassets in Resources */ = {isa = PBXBuildFile; fileRef = F3EBB68723F455DB005AD08D /* Assets.xcassets */; };
		F3EBB68B23F455DB005AD08D /* LaunchScreen.storyboard in Resources */ = {isa = PBXBuildFile; fileRef = F3EBB68923F455DB005AD08D /* LaunchScreen.storyboard */; };
		F3EBB69323F45AB1005AD08D /* GoogleService-Info.plist in Resources */ = {isa = PBXBuildFile; fileRef = F3EBB69223F45AB1005AD08D /* GoogleService-Info.plist */; };
		F3EBB69623F45B62005AD08D /* FireAuth.swift in Sources */ = {isa = PBXBuildFile; fileRef = F3EBB69523F45B62005AD08D /* FireAuth.swift */; };
		F3EBB69823F45C8A005AD08D /* Main.storyboard in Resources */ = {isa = PBXBuildFile; fileRef = F3EBB69723F45C8A005AD08D /* Main.storyboard */; };
		F3EBB69B23F45CCB005AD08D /* Database.swift in Sources */ = {isa = PBXBuildFile; fileRef = F3EBB69A23F45CCB005AD08D /* Database.swift */; };
		F3EBB69E23F4AC6A005AD08D /* UserData.swift in Sources */ = {isa = PBXBuildFile; fileRef = F3EBB69D23F4AC6A005AD08D /* UserData.swift */; };
		F3EBB6A023F4AD52005AD08D /* Fire.swift in Sources */ = {isa = PBXBuildFile; fileRef = F3EBB69F23F4AD52005AD08D /* Fire.swift */; };
		F3EBB6A323F4ADC0005AD08D /* LogManager.swift in Sources */ = {isa = PBXBuildFile; fileRef = F3EBB6A223F4ADC0005AD08D /* LogManager.swift */; };
		F3EBB6A523F4AECA005AD08D /* FireCollections.swift in Sources */ = {isa = PBXBuildFile; fileRef = F3EBB6A423F4AECA005AD08D /* FireCollections.swift */; };
		F3EBB6A723F4AF31005AD08D /* FireObjectProtocols.swift in Sources */ = {isa = PBXBuildFile; fileRef = F3EBB6A623F4AF31005AD08D /* FireObjectProtocols.swift */; };
		F3EBB6AE23F4B518005AD08D /* LoginViewController.swift in Sources */ = {isa = PBXBuildFile; fileRef = F3EBB6AD23F4B518005AD08D /* LoginViewController.swift */; };
		F3EBB6B023F4B7A9005AD08D /* SimpleExtensions.swift in Sources */ = {isa = PBXBuildFile; fileRef = F3EBB6AF23F4B7A9005AD08D /* SimpleExtensions.swift */; };
/* End PBXBuildFile section */

/* Begin PBXFileReference section */
		341C5D20242D43B400780FFD /* CommentViewController.swift */ = {isa = PBXFileReference; lastKnownFileType = sourcecode.swift; path = CommentViewController.swift; sourceTree = "<group>"; };
		341C5D22242D43C900780FFD /* Comment.storyboard */ = {isa = PBXFileReference; lastKnownFileType = file.storyboard; path = Comment.storyboard; sourceTree = "<group>"; };
		341E671423FC8B61008EADA7 /* CreateAccountViewController.swift */ = {isa = PBXFileReference; lastKnownFileType = sourcecode.swift; path = CreateAccountViewController.swift; sourceTree = "<group>"; };
		347644FE24100882007F8F70 /* HomeFeedTableViewCell.swift */ = {isa = PBXFileReference; lastKnownFileType = sourcecode.swift; path = HomeFeedTableViewCell.swift; sourceTree = "<group>"; };
		34CE6B66242D526C00F6D121 /* CommentTableViewCell.swift */ = {isa = PBXFileReference; lastKnownFileType = sourcecode.swift; path = CommentTableViewCell.swift; sourceTree = "<group>"; };
		75364A4969C99C1C2A5B074B /* Pods-MiniGram.debug.xcconfig */ = {isa = PBXFileReference; includeInIndex = 1; lastKnownFileType = text.xcconfig; name = "Pods-MiniGram.debug.xcconfig"; path = "Target Support Files/Pods-MiniGram/Pods-MiniGram.debug.xcconfig"; sourceTree = "<group>"; };
		7C80321124403F6400875371 /* SubmitPostViewController.swift */ = {isa = PBXFileReference; lastKnownFileType = sourcecode.swift; path = SubmitPostViewController.swift; sourceTree = "<group>"; };
		7C882ADF24442AEF0083A327 /* DecideViewController.swift */ = {isa = PBXFileReference; lastKnownFileType = sourcecode.swift; path = DecideViewController.swift; sourceTree = "<group>"; };
		7C882AE124468B950083A327 /* AddMiniatureViewController.swift */ = {isa = PBXFileReference; lastKnownFileType = sourcecode.swift; path = AddMiniatureViewController.swift; sourceTree = "<group>"; };
		829AE59FCFCA65749BA5B4D5 /* Pods-MiniGramApp.release.xcconfig */ = {isa = PBXFileReference; includeInIndex = 1; lastKnownFileType = text.xcconfig; name = "Pods-MiniGramApp.release.xcconfig"; path = "Target Support Files/Pods-MiniGramApp/Pods-MiniGramApp.release.xcconfig"; sourceTree = "<group>"; };
		9D1C47632439016A009329A3 /* ChangePasswordViewController.swift */ = {isa = PBXFileReference; lastKnownFileType = sourcecode.swift; path = ChangePasswordViewController.swift; sourceTree = "<group>"; };
		9D21DBCD240F33B5004BCC2C /* GalleryViewController.swift */ = {isa = PBXFileReference; lastKnownFileType = sourcecode.swift; path = GalleryViewController.swift; sourceTree = "<group>"; };
		9D21DBCF240F38B1004BCC2C /* Assets.xcassets */ = {isa = PBXFileReference; lastKnownFileType = folder.assetcatalog; path = Assets.xcassets; sourceTree = "<group>"; };
		9D21DBF324100DD6004BCC2C /* GalleryCollectionViewCell.swift */ = {isa = PBXFileReference; lastKnownFileType = sourcecode.swift; path = GalleryCollectionViewCell.swift; sourceTree = "<group>"; };
		9D422C7B243680050054FF65 /* Settings.storyboard */ = {isa = PBXFileReference; lastKnownFileType = file.storyboard; path = Settings.storyboard; sourceTree = "<group>"; };
		9D422C7D2436800F0054FF65 /* SettingsViewController.swift */ = {isa = PBXFileReference; lastKnownFileType = sourcecode.swift; path = SettingsViewController.swift; sourceTree = "<group>"; };
		9D4CA07224393F6E0051A4CB /* logo.png */ = {isa = PBXFileReference; lastKnownFileType = image.png; path = logo.png; sourceTree = "<group>"; };
		9D709C002441471200611642 /* MiniaturesCollectionViewCell.swift */ = {isa = PBXFileReference; lastKnownFileType = sourcecode.swift; path = MiniaturesCollectionViewCell.swift; sourceTree = "<group>"; };
		9D709C03244178F100611642 /* Miniature.storyboard */ = {isa = PBXFileReference; lastKnownFileType = file.storyboard; path = Miniature.storyboard; sourceTree = "<group>"; };
		9D709C062441817A00611642 /* MiniatureViewController.swift */ = {isa = PBXFileReference; lastKnownFileType = sourcecode.swift; path = MiniatureViewController.swift; sourceTree = "<group>"; };
		9D7A5395242A84C400997A4F /* MiniaturesTableViewController.swift */ = {isa = PBXFileReference; lastKnownFileType = sourcecode.swift; path = MiniaturesTableViewController.swift; sourceTree = "<group>"; };
		9D7A5397242A851C00997A4F /* MiniaturesTableViewCell.swift */ = {isa = PBXFileReference; lastKnownFileType = sourcecode.swift; path = MiniaturesTableViewCell.swift; sourceTree = "<group>"; };
		9DAE2D522437F650003F5597 /* EditProfileViewController.swift */ = {isa = PBXFileReference; lastKnownFileType = sourcecode.swift; path = EditProfileViewController.swift; sourceTree = "<group>"; };
		B181299490F710A9B799608C /* Pods-MiniGramApp.debug.xcconfig */ = {isa = PBXFileReference; includeInIndex = 1; lastKnownFileType = text.xcconfig; name = "Pods-MiniGramApp.debug.xcconfig"; path = "Target Support Files/Pods-MiniGramApp/Pods-MiniGramApp.debug.xcconfig"; sourceTree = "<group>"; };
		CDD41BE0269872D6E705F4CB /* Pods_MiniGram.framework */ = {isa = PBXFileReference; explicitFileType = wrapper.framework; includeInIndex = 0; path = Pods_MiniGram.framework; sourceTree = BUILT_PRODUCTS_DIR; };
		E1995FBFF8CE42EBCF284E4B /* Pods-MiniGram.release.xcconfig */ = {isa = PBXFileReference; includeInIndex = 1; lastKnownFileType = text.xcconfig; name = "Pods-MiniGram.release.xcconfig"; path = "Target Support Files/Pods-MiniGram/Pods-MiniGram.release.xcconfig"; sourceTree = "<group>"; };
		F3126A132410533C00AFE85B /* Comment.swift */ = {isa = PBXFileReference; lastKnownFileType = sourcecode.swift; path = Comment.swift; sourceTree = "<group>"; };
		F33FD9D2243ED3750063B466 /* Colors.xcassets */ = {isa = PBXFileReference; lastKnownFileType = folder.assetcatalog; path = Colors.xcassets; sourceTree = "<group>"; };
		F354DD7D2406E2C700370C04 /* GenericPost.swift */ = {isa = PBXFileReference; lastKnownFileType = sourcecode.swift; path = GenericPost.swift; sourceTree = "<group>"; };
		F354DD7F2406E2D500370C04 /* GenericMini.swift */ = {isa = PBXFileReference; lastKnownFileType = sourcecode.swift; path = GenericMini.swift; sourceTree = "<group>"; };
		F354DD812406E2DF00370C04 /* GenericUser.swift */ = {isa = PBXFileReference; lastKnownFileType = sourcecode.swift; path = GenericUser.swift; sourceTree = "<group>"; };
		F354DDA924073F6800370C04 /* Add.storyboard */ = {isa = PBXFileReference; lastKnownFileType = file.storyboard; path = Add.storyboard; sourceTree = "<group>"; };
		F354DDAB24073F7C00370C04 /* Profile.storyboard */ = {isa = PBXFileReference; lastKnownFileType = file.storyboard; path = Profile.storyboard; sourceTree = "<group>"; };
		F354DDAD24073F8B00370C04 /* Explore.storyboard */ = {isa = PBXFileReference; lastKnownFileType = file.storyboard; path = Explore.storyboard; sourceTree = "<group>"; };
		F354DDAF24073F9500370C04 /* Home.storyboard */ = {isa = PBXFileReference; lastKnownFileType = file.storyboard; path = Home.storyboard; sourceTree = "<group>"; };
		F354DDB52407429900370C04 /* CaptureViewController.swift */ = {isa = PBXFileReference; lastKnownFileType = sourcecode.swift; path = CaptureViewController.swift; sourceTree = "<group>"; };
		F354DDB7240742A700370C04 /* ProfileViewController.swift */ = {isa = PBXFileReference; lastKnownFileType = sourcecode.swift; path = ProfileViewController.swift; sourceTree = "<group>"; };
		F354DDB9240742B000370C04 /* ExploreViewController.swift */ = {isa = PBXFileReference; lastKnownFileType = sourcecode.swift; path = ExploreViewController.swift; sourceTree = "<group>"; };
		F354DDBB240742B900370C04 /* HomeViewController.swift */ = {isa = PBXFileReference; lastKnownFileType = sourcecode.swift; path = HomeViewController.swift; sourceTree = "<group>"; };
		F354DDBD2407A87600370C04 /* ExploreCollectionViewCell.swift */ = {isa = PBXFileReference; lastKnownFileType = sourcecode.swift; path = ExploreCollectionViewCell.swift; sourceTree = "<group>"; };
		F354DDBF2408564E00370C04 /* ExploreSearchViewController.swift */ = {isa = PBXFileReference; lastKnownFileType = sourcecode.swift; path = ExploreSearchViewController.swift; sourceTree = "<group>"; };
		F354DDC124088CBD00370C04 /* ExploreSearchTableViewCell.swift */ = {isa = PBXFileReference; lastKnownFileType = sourcecode.swift; path = ExploreSearchTableViewCell.swift; sourceTree = "<group>"; };
		F362F2AC241B19E90032FDEF /* Post.storyboard */ = {isa = PBXFileReference; fileEncoding = 4; lastKnownFileType = file.storyboard; path = Post.storyboard; sourceTree = "<group>"; };
		F362F2AD241B19E90032FDEF /* PostViewController.swift */ = {isa = PBXFileReference; fileEncoding = 4; lastKnownFileType = sourcecode.swift; path = PostViewController.swift; sourceTree = "<group>"; };
		F3EBB67B23F455D9005AD08D /* MiniGram.app */ = {isa = PBXFileReference; explicitFileType = wrapper.application; includeInIndex = 0; path = MiniGram.app; sourceTree = BUILT_PRODUCTS_DIR; };
		F3EBB67E23F455D9005AD08D /* AppDelegate.swift */ = {isa = PBXFileReference; lastKnownFileType = sourcecode.swift; path = AppDelegate.swift; sourceTree = "<group>"; };
		F3EBB68023F455D9005AD08D /* SceneDelegate.swift */ = {isa = PBXFileReference; lastKnownFileType = sourcecode.swift; path = SceneDelegate.swift; sourceTree = "<group>"; };
		F3EBB68523F455D9005AD08D /* Base */ = {isa = PBXFileReference; lastKnownFileType = file.storyboard; name = Base; path = Base.lproj/SignedIn.storyboard; sourceTree = "<group>"; };
		F3EBB68723F455DB005AD08D /* Assets.xcassets */ = {isa = PBXFileReference; lastKnownFileType = folder.assetcatalog; path = Assets.xcassets; sourceTree = "<group>"; };
		F3EBB68A23F455DB005AD08D /* Base */ = {isa = PBXFileReference; lastKnownFileType = file.storyboard; name = Base; path = Base.lproj/LaunchScreen.storyboard; sourceTree = "<group>"; };
		F3EBB68C23F455DB005AD08D /* Info.plist */ = {isa = PBXFileReference; lastKnownFileType = text.plist.xml; path = Info.plist; sourceTree = "<group>"; };
		F3EBB69223F45AB1005AD08D /* GoogleService-Info.plist */ = {isa = PBXFileReference; fileEncoding = 4; lastKnownFileType = text.plist.xml; path = "GoogleService-Info.plist"; sourceTree = "<group>"; };
		F3EBB69523F45B62005AD08D /* FireAuth.swift */ = {isa = PBXFileReference; lastKnownFileType = sourcecode.swift; path = FireAuth.swift; sourceTree = "<group>"; };
		F3EBB69723F45C8A005AD08D /* Main.storyboard */ = {isa = PBXFileReference; lastKnownFileType = file.storyboard; path = Main.storyboard; sourceTree = "<group>"; };
		F3EBB69A23F45CCB005AD08D /* Database.swift */ = {isa = PBXFileReference; lastKnownFileType = sourcecode.swift; path = Database.swift; sourceTree = "<group>"; };
		F3EBB69D23F4AC6A005AD08D /* UserData.swift */ = {isa = PBXFileReference; lastKnownFileType = sourcecode.swift; path = UserData.swift; sourceTree = "<group>"; };
		F3EBB69F23F4AD52005AD08D /* Fire.swift */ = {isa = PBXFileReference; lastKnownFileType = sourcecode.swift; path = Fire.swift; sourceTree = "<group>"; };
		F3EBB6A223F4ADC0005AD08D /* LogManager.swift */ = {isa = PBXFileReference; lastKnownFileType = sourcecode.swift; path = LogManager.swift; sourceTree = "<group>"; };
		F3EBB6A423F4AECA005AD08D /* FireCollections.swift */ = {isa = PBXFileReference; lastKnownFileType = sourcecode.swift; path = FireCollections.swift; sourceTree = "<group>"; };
		F3EBB6A623F4AF31005AD08D /* FireObjectProtocols.swift */ = {isa = PBXFileReference; lastKnownFileType = sourcecode.swift; path = FireObjectProtocols.swift; sourceTree = "<group>"; };
		F3EBB6AD23F4B518005AD08D /* LoginViewController.swift */ = {isa = PBXFileReference; lastKnownFileType = sourcecode.swift; path = LoginViewController.swift; sourceTree = "<group>"; };
		F3EBB6AF23F4B7A9005AD08D /* SimpleExtensions.swift */ = {isa = PBXFileReference; lastKnownFileType = sourcecode.swift; path = SimpleExtensions.swift; sourceTree = "<group>"; };
/* End PBXFileReference section */

/* Begin PBXFrameworksBuildPhase section */
		F3EBB67823F455D9005AD08D /* Frameworks */ = {
			isa = PBXFrameworksBuildPhase;
			buildActionMask = 2147483647;
			files = (
				0FA091962F7C291141693562 /* Pods_MiniGram.framework in Frameworks */,
			);
			runOnlyForDeploymentPostprocessing = 0;
		};
/* End PBXFrameworksBuildPhase section */

/* Begin PBXGroup section */
		341C5D1F242D439900780FFD /* Comment */ = {
			isa = PBXGroup;
			children = (
				341C5D20242D43B400780FFD /* CommentViewController.swift */,
				34CE6B66242D526C00F6D121 /* CommentTableViewCell.swift */,
				341C5D22242D43C900780FFD /* Comment.storyboard */,
			);
			path = Comment;
			sourceTree = "<group>";
		};
		756D203D2E26936542ECD11B /* Pods */ = {
			isa = PBXGroup;
			children = (
				B181299490F710A9B799608C /* Pods-MiniGramApp.debug.xcconfig */,
				829AE59FCFCA65749BA5B4D5 /* Pods-MiniGramApp.release.xcconfig */,
				75364A4969C99C1C2A5B074B /* Pods-MiniGram.debug.xcconfig */,
				E1995FBFF8CE42EBCF284E4B /* Pods-MiniGram.release.xcconfig */,
			);
			path = Pods;
			sourceTree = "<group>";
		};
		9D422C78243647F70054FF65 /* Settings */ = {
			isa = PBXGroup;
			children = (
				9D422C7F2436801A0054FF65 /* ViewControllers */,
				9D422C7B243680050054FF65 /* Settings.storyboard */,
			);
			path = Settings;
			sourceTree = "<group>";
		};
		9D422C7F2436801A0054FF65 /* ViewControllers */ = {
			isa = PBXGroup;
			children = (
				9D422C7D2436800F0054FF65 /* SettingsViewController.swift */,
				9DAE2D522437F650003F5597 /* EditProfileViewController.swift */,
				9D1C47632439016A009329A3 /* ChangePasswordViewController.swift */,
			);
			path = ViewControllers;
			sourceTree = "<group>";
		};
		9D709C02244178D900611642 /* Miniature */ = {
			isa = PBXGroup;
			children = (
				9D709C052441814600611642 /* ViewControllers */,
				9D709C03244178F100611642 /* Miniature.storyboard */,
			);
			path = Miniature;
			sourceTree = "<group>";
		};
		9D709C052441814600611642 /* ViewControllers */ = {
			isa = PBXGroup;
			children = (
				9D709C062441817A00611642 /* MiniatureViewController.swift */,
			);
			path = ViewControllers;
			sourceTree = "<group>";
		};
		9D709C082441818100611642 /* ViewControllers */ = {
			isa = PBXGroup;
			children = (
				F362F2AD241B19E90032FDEF /* PostViewController.swift */,
			);
			path = ViewControllers;
			sourceTree = "<group>";
		};
		CD497841C21BC0BC788B139D /* Frameworks */ = {
			isa = PBXGroup;
			children = (
				CDD41BE0269872D6E705F4CB /* Pods_MiniGram.framework */,
			);
			name = Frameworks;
			sourceTree = "<group>";
		};
		F354DD7C2406E27D00370C04 /* Datatypes */ = {
			isa = PBXGroup;
			children = (
				F354DD7D2406E2C700370C04 /* GenericPost.swift */,
				F354DD7F2406E2D500370C04 /* GenericMini.swift */,
				F354DD812406E2DF00370C04 /* GenericUser.swift */,
				F3126A132410533C00AFE85B /* Comment.swift */,
			);
			path = Datatypes;
			sourceTree = "<group>";
		};
		F354DDA524073F2000370C04 /* Home */ = {
			isa = PBXGroup;
			children = (
				F354DDB424073FAC00370C04 /* ViewControllers */,
				F354DDAF24073F9500370C04 /* Home.storyboard */,
				347644FE24100882007F8F70 /* HomeFeedTableViewCell.swift */,
			);
			path = Home;
			sourceTree = "<group>";
		};
		F354DDA624073F2800370C04 /* Explore */ = {
			isa = PBXGroup;
			children = (
				F354DDB324073FA700370C04 /* ViewControllers */,
				F354DDAD24073F8B00370C04 /* Explore.storyboard */,
				F354DDBD2407A87600370C04 /* ExploreCollectionViewCell.swift */,
				F354DDC124088CBD00370C04 /* ExploreSearchTableViewCell.swift */,
			);
			path = Explore;
			sourceTree = "<group>";
		};
		F354DDA724073F2E00370C04 /* Profile */ = {
			isa = PBXGroup;
			children = (
				F354DDB224073FA100370C04 /* ViewControllers */,
				F354DDAB24073F7C00370C04 /* Profile.storyboard */,
			);
			path = Profile;
			sourceTree = "<group>";
		};
		F354DDA824073F3700370C04 /* Add */ = {
			isa = PBXGroup;
			children = (
				F354DDB124073F9B00370C04 /* ViewControllers */,
				F354DDA924073F6800370C04 /* Add.storyboard */,
			);
			path = Add;
			sourceTree = "<group>";
		};
		F354DDB124073F9B00370C04 /* ViewControllers */ = {
			isa = PBXGroup;
			children = (
				F354DDB52407429900370C04 /* CaptureViewController.swift */,
				7C80321124403F6400875371 /* SubmitPostViewController.swift */,
				7C882ADF24442AEF0083A327 /* DecideViewController.swift */,
				7C882AE124468B950083A327 /* AddMiniatureViewController.swift */,
			);
			path = ViewControllers;
			sourceTree = "<group>";
		};
		F354DDB224073FA100370C04 /* ViewControllers */ = {
			isa = PBXGroup;
			children = (
				F354DDB7240742A700370C04 /* ProfileViewController.swift */,
				9D21DBCD240F33B5004BCC2C /* GalleryViewController.swift */,
				9D21DBF324100DD6004BCC2C /* GalleryCollectionViewCell.swift */,
				9D7A5395242A84C400997A4F /* MiniaturesTableViewController.swift */,
				9D7A5397242A851C00997A4F /* MiniaturesTableViewCell.swift */,
				9D709C002441471200611642 /* MiniaturesCollectionViewCell.swift */,
				9D21DBCF240F38B1004BCC2C /* Assets.xcassets */,
			);
			path = ViewControllers;
			sourceTree = "<group>";
		};
		F354DDB324073FA700370C04 /* ViewControllers */ = {
			isa = PBXGroup;
			children = (
				F354DDB9240742B000370C04 /* ExploreViewController.swift */,
				F354DDBF2408564E00370C04 /* ExploreSearchViewController.swift */,
			);
			path = ViewControllers;
			sourceTree = "<group>";
		};
		F354DDB424073FAC00370C04 /* ViewControllers */ = {
			isa = PBXGroup;
			children = (
				F354DDBB240742B900370C04 /* HomeViewController.swift */,
			);
			path = ViewControllers;
			sourceTree = "<group>";
		};
		F362F2AA241B19CB0032FDEF /* Shared */ = {
			isa = PBXGroup;
			children = (
				9D709C02244178D900611642 /* Miniature */,
				341C5D1F242D439900780FFD /* Comment */,
				F362F2AB241B19D30032FDEF /* Post */,
			);
			path = Shared;
			sourceTree = "<group>";
		};
		F362F2AB241B19D30032FDEF /* Post */ = {
			isa = PBXGroup;
			children = (
				9D709C082441818100611642 /* ViewControllers */,
				F362F2AC241B19E90032FDEF /* Post.storyboard */,
			);
			path = Post;
			sourceTree = "<group>";
		};
		F3EBB67223F455D9005AD08D = {
			isa = PBXGroup;
			children = (
				F3EBB67D23F455D9005AD08D /* MiniGram */,
				F3EBB67C23F455D9005AD08D /* Products */,
				756D203D2E26936542ECD11B /* Pods */,
				CD497841C21BC0BC788B139D /* Frameworks */,
			);
			sourceTree = "<group>";
		};
		F3EBB67C23F455D9005AD08D /* Products */ = {
			isa = PBXGroup;
			children = (
				F3EBB67B23F455D9005AD08D /* MiniGram.app */,
			);
			name = Products;
			sourceTree = "<group>";
		};
		F3EBB67D23F455D9005AD08D /* MiniGram */ = {
			isa = PBXGroup;
			children = (
				9D422C78243647F70054FF65 /* Settings */,
				F362F2AA241B19CB0032FDEF /* Shared */,
				F354DDA824073F3700370C04 /* Add */,
				F354DDA724073F2E00370C04 /* Profile */,
				F354DDA624073F2800370C04 /* Explore */,
				F354DDA524073F2000370C04 /* Home */,
				F3EBB6AA23F4B4DF005AD08D /* LoginRegistration */,
				F354DD7C2406E27D00370C04 /* Datatypes */,
				F3EBB6A123F4ADAE005AD08D /* ErrorLogging */,
				F3EBB69C23F4AC58005AD08D /* User */,
				F3EBB69923F45CBE005AD08D /* Database */,
				F3EBB69423F45B0B005AD08D /* Firestore */,
				F3EBB69223F45AB1005AD08D /* GoogleService-Info.plist */,
				F3EBB67E23F455D9005AD08D /* AppDelegate.swift */,
				F3EBB68023F455D9005AD08D /* SceneDelegate.swift */,
				F3EBB69723F45C8A005AD08D /* Main.storyboard */,
				F3EBB68423F455D9005AD08D /* SignedIn.storyboard */,
				F3EBB68723F455DB005AD08D /* Assets.xcassets */,
				F33FD9D2243ED3750063B466 /* Colors.xcassets */,
				F3EBB68923F455DB005AD08D /* LaunchScreen.storyboard */,
				F3EBB68C23F455DB005AD08D /* Info.plist */,
				9D4CA07224393F6E0051A4CB /* logo.png */,
				F3EBB6AF23F4B7A9005AD08D /* SimpleExtensions.swift */,
			);
			path = MiniGram;
			sourceTree = "<group>";
		};
		F3EBB69423F45B0B005AD08D /* Firestore */ = {
			isa = PBXGroup;
			children = (
				F3EBB69523F45B62005AD08D /* FireAuth.swift */,
				F3EBB69F23F4AD52005AD08D /* Fire.swift */,
				F3EBB6A423F4AECA005AD08D /* FireCollections.swift */,
				F3EBB6A623F4AF31005AD08D /* FireObjectProtocols.swift */,
			);
			path = Firestore;
			sourceTree = "<group>";
		};
		F3EBB69923F45CBE005AD08D /* Database */ = {
			isa = PBXGroup;
			children = (
				F3EBB69A23F45CCB005AD08D /* Database.swift */,
			);
			path = Database;
			sourceTree = "<group>";
		};
		F3EBB69C23F4AC58005AD08D /* User */ = {
			isa = PBXGroup;
			children = (
				F3EBB69D23F4AC6A005AD08D /* UserData.swift */,
			);
			path = User;
			sourceTree = "<group>";
		};
		F3EBB6A123F4ADAE005AD08D /* ErrorLogging */ = {
			isa = PBXGroup;
			children = (
				F3EBB6A223F4ADC0005AD08D /* LogManager.swift */,
			);
			path = ErrorLogging;
			sourceTree = "<group>";
		};
		F3EBB6AA23F4B4DF005AD08D /* LoginRegistration */ = {
			isa = PBXGroup;
			children = (
				F3EBB6AD23F4B518005AD08D /* LoginViewController.swift */,
				341E671423FC8B61008EADA7 /* CreateAccountViewController.swift */,
			);
			path = LoginRegistration;
			sourceTree = "<group>";
		};
/* End PBXGroup section */

/* Begin PBXNativeTarget section */
		F3EBB67A23F455D9005AD08D /* MiniGram */ = {
			isa = PBXNativeTarget;
			buildConfigurationList = F3EBB68F23F455DB005AD08D /* Build configuration list for PBXNativeTarget "MiniGram" */;
			buildPhases = (
				B610DA2C0B3662A40FE1E05B /* [CP] Check Pods Manifest.lock */,
				F3EBB67723F455D9005AD08D /* Sources */,
				F3EBB67823F455D9005AD08D /* Frameworks */,
				F3EBB67923F455D9005AD08D /* Resources */,
				BE37C6327F8D19093F821443 /* [CP] Embed Pods Frameworks */,
			);
			buildRules = (
			);
			dependencies = (
			);
			name = MiniGram;
			productName = MiniGramApp;
			productReference = F3EBB67B23F455D9005AD08D /* MiniGram.app */;
			productType = "com.apple.product-type.application";
		};
/* End PBXNativeTarget section */

/* Begin PBXProject section */
		F3EBB67323F455D9005AD08D /* Project object */ = {
			isa = PBXProject;
			attributes = {
				LastSwiftUpdateCheck = 1130;
				LastUpgradeCheck = 1130;
				ORGANIZATIONNAME = "Keegan Black";
				TargetAttributes = {
					F3EBB67A23F455D9005AD08D = {
						CreatedOnToolsVersion = 11.3.1;
					};
				};
			};
			buildConfigurationList = F3EBB67623F455D9005AD08D /* Build configuration list for PBXProject "MiniGram" */;
			compatibilityVersion = "Xcode 9.3";
			developmentRegion = en;
			hasScannedForEncodings = 0;
			knownRegions = (
				en,
				Base,
			);
			mainGroup = F3EBB67223F455D9005AD08D;
			productRefGroup = F3EBB67C23F455D9005AD08D /* Products */;
			projectDirPath = "";
			projectRoot = "";
			targets = (
				F3EBB67A23F455D9005AD08D /* MiniGram */,
			);
		};
/* End PBXProject section */

/* Begin PBXResourcesBuildPhase section */
		F3EBB67923F455D9005AD08D /* Resources */ = {
			isa = PBXResourcesBuildPhase;
			buildActionMask = 2147483647;
			files = (
				F354DDAE24073F8B00370C04 /* Explore.storyboard in Resources */,
				F3EBB68B23F455DB005AD08D /* LaunchScreen.storyboard in Resources */,
				F3EBB69323F45AB1005AD08D /* GoogleService-Info.plist in Resources */,
				F354DDB024073F9500370C04 /* Home.storyboard in Resources */,
				9D4CA07324393F6F0051A4CB /* logo.png in Resources */,
				F362F2AE241B19E90032FDEF /* Post.storyboard in Resources */,
				341C5D23242D43C900780FFD /* Comment.storyboard in Resources */,
				F3EBB69823F45C8A005AD08D /* Main.storyboard in Resources */,
				F3EBB68823F455DB005AD08D /* Assets.xcassets in Resources */,
				9D709C04244178F100611642 /* Miniature.storyboard in Resources */,
				9D21DBD0240F38B1004BCC2C /* Assets.xcassets in Resources */,
				F3EBB68623F455D9005AD08D /* SignedIn.storyboard in Resources */,
				F354DDAC24073F7C00370C04 /* Profile.storyboard in Resources */,
				9D422C7C243680050054FF65 /* Settings.storyboard in Resources */,
				F354DDAA24073F6800370C04 /* Add.storyboard in Resources */,
				F33FD9D3243ED3750063B466 /* Colors.xcassets in Resources */,
			);
			runOnlyForDeploymentPostprocessing = 0;
		};
/* End PBXResourcesBuildPhase section */

/* Begin PBXShellScriptBuildPhase section */
		B610DA2C0B3662A40FE1E05B /* [CP] Check Pods Manifest.lock */ = {
			isa = PBXShellScriptBuildPhase;
			buildActionMask = 2147483647;
			files = (
			);
			inputFileListPaths = (
			);
			inputPaths = (
				"${PODS_PODFILE_DIR_PATH}/Podfile.lock",
				"${PODS_ROOT}/Manifest.lock",
			);
			name = "[CP] Check Pods Manifest.lock";
			outputFileListPaths = (
			);
			outputPaths = (
				"$(DERIVED_FILE_DIR)/Pods-MiniGram-checkManifestLockResult.txt",
			);
			runOnlyForDeploymentPostprocessing = 0;
			shellPath = /bin/sh;
			shellScript = "diff \"${PODS_PODFILE_DIR_PATH}/Podfile.lock\" \"${PODS_ROOT}/Manifest.lock\" > /dev/null\nif [ $? != 0 ] ; then\n    # print error to STDERR\n    echo \"error: The sandbox is not in sync with the Podfile.lock. Run 'pod install' or update your CocoaPods installation.\" >&2\n    exit 1\nfi\n# This output is used by Xcode 'outputs' to avoid re-running this script phase.\necho \"SUCCESS\" > \"${SCRIPT_OUTPUT_FILE_0}\"\n";
			showEnvVarsInLog = 0;
		};
		BE37C6327F8D19093F821443 /* [CP] Embed Pods Frameworks */ = {
			isa = PBXShellScriptBuildPhase;
			buildActionMask = 2147483647;
			files = (
			);
			inputFileListPaths = (
				"${PODS_ROOT}/Target Support Files/Pods-MiniGram/Pods-MiniGram-frameworks-${CONFIGURATION}-input-files.xcfilelist",
			);
			name = "[CP] Embed Pods Frameworks";
			outputFileListPaths = (
				"${PODS_ROOT}/Target Support Files/Pods-MiniGram/Pods-MiniGram-frameworks-${CONFIGURATION}-output-files.xcfilelist",
			);
			runOnlyForDeploymentPostprocessing = 0;
			shellPath = /bin/sh;
			shellScript = "\"${PODS_ROOT}/Target Support Files/Pods-MiniGram/Pods-MiniGram-frameworks.sh\"\n";
			showEnvVarsInLog = 0;
		};
/* End PBXShellScriptBuildPhase section */

/* Begin PBXSourcesBuildPhase section */
		F3EBB67723F455D9005AD08D /* Sources */ = {
			isa = PBXSourcesBuildPhase;
			buildActionMask = 2147483647;
			files = (
				9D709C072441817A00611642 /* MiniatureViewController.swift in Sources */,
				F354DDBE2407A87600370C04 /* ExploreCollectionViewCell.swift in Sources */,
				341E671523FC8B61008EADA7 /* CreateAccountViewController.swift in Sources */,
				F3EBB6AE23F4B518005AD08D /* LoginViewController.swift in Sources */,
				347644FF24100882007F8F70 /* HomeFeedTableViewCell.swift in Sources */,
				F354DDBC240742B900370C04 /* HomeViewController.swift in Sources */,
				F3EBB6A523F4AECA005AD08D /* FireCollections.swift in Sources */,
				9D7A5398242A851C00997A4F /* MiniaturesTableViewCell.swift in Sources */,
				F354DD7E2406E2C700370C04 /* GenericPost.swift in Sources */,
				F354DDC224088CBD00370C04 /* ExploreSearchTableViewCell.swift in Sources */,
				F3EBB6A323F4ADC0005AD08D /* LogManager.swift in Sources */,
				7C80321224403F6400875371 /* SubmitPostViewController.swift in Sources */,
				F3EBB69E23F4AC6A005AD08D /* UserData.swift in Sources */,
				F354DD802406E2D500370C04 /* GenericMini.swift in Sources */,
				F354DDB8240742A700370C04 /* ProfileViewController.swift in Sources */,
				F362F2AF241B19E90032FDEF /* PostViewController.swift in Sources */,
				341C5D21242D43B400780FFD /* CommentViewController.swift in Sources */,
				9D1C47642439016A009329A3 /* ChangePasswordViewController.swift in Sources */,
				F3EBB6B023F4B7A9005AD08D /* SimpleExtensions.swift in Sources */,
				F3EBB69623F45B62005AD08D /* FireAuth.swift in Sources */,
				F3EBB6A023F4AD52005AD08D /* Fire.swift in Sources */,
				F354DDB62407429900370C04 /* CaptureViewController.swift in Sources */,
				F354DDB62407429900370C04 /* CaptureViewController.swift in Sources */,
				9D709C012441471200611642 /* MiniaturesCollectionViewCell.swift in Sources */,
				9D7A5396242A84C400997A4F /* MiniaturesTableViewController.swift in Sources */,
				F3EBB67F23F455D9005AD08D /* AppDelegate.swift in Sources */,
				7C882AE224468B950083A327 /* AddMiniatureViewController.swift in Sources */,
				F354DDC02408564E00370C04 /* ExploreSearchViewController.swift in Sources */,
				9D21DBCE240F33B5004BCC2C /* GalleryViewController.swift in Sources */,
				F3EBB69B23F45CCB005AD08D /* Database.swift in Sources */,
				7C882AE024442AEF0083A327 /* DecideViewController.swift in Sources */,
				9DAE2D532437F650003F5597 /* EditProfileViewController.swift in Sources */,
				F3126A142410533C00AFE85B /* Comment.swift in Sources */,
				34CE6B67242D526C00F6D121 /* CommentTableViewCell.swift in Sources */,
				F354DDBA240742B000370C04 /* ExploreViewController.swift in Sources */,
				F3EBB68123F455D9005AD08D /* SceneDelegate.swift in Sources */,
				F354DD822406E2DF00370C04 /* GenericUser.swift in Sources */,
				9D21DBF424100DD6004BCC2C /* GalleryCollectionViewCell.swift in Sources */,
				F3EBB6A723F4AF31005AD08D /* FireObjectProtocols.swift in Sources */,
				9D422C7E2436800F0054FF65 /* SettingsViewController.swift in Sources */,
			);
			runOnlyForDeploymentPostprocessing = 0;
		};
/* End PBXSourcesBuildPhase section */

/* Begin PBXVariantGroup section */
		F3EBB68423F455D9005AD08D /* SignedIn.storyboard */ = {
			isa = PBXVariantGroup;
			children = (
				F3EBB68523F455D9005AD08D /* Base */,
			);
			name = SignedIn.storyboard;
			sourceTree = "<group>";
		};
		F3EBB68923F455DB005AD08D /* LaunchScreen.storyboard */ = {
			isa = PBXVariantGroup;
			children = (
				F3EBB68A23F455DB005AD08D /* Base */,
			);
			name = LaunchScreen.storyboard;
			sourceTree = "<group>";
		};
/* End PBXVariantGroup section */

/* Begin XCBuildConfiguration section */
		F3EBB68D23F455DB005AD08D /* Debug */ = {
			isa = XCBuildConfiguration;
			buildSettings = {
				ALWAYS_SEARCH_USER_PATHS = NO;
				CLANG_ANALYZER_NONNULL = YES;
				CLANG_ANALYZER_NUMBER_OBJECT_CONVERSION = YES_AGGRESSIVE;
				CLANG_CXX_LANGUAGE_STANDARD = "gnu++14";
				CLANG_CXX_LIBRARY = "libc++";
				CLANG_ENABLE_MODULES = YES;
				CLANG_ENABLE_OBJC_ARC = YES;
				CLANG_ENABLE_OBJC_WEAK = YES;
				CLANG_WARN_BLOCK_CAPTURE_AUTORELEASING = YES;
				CLANG_WARN_BOOL_CONVERSION = YES;
				CLANG_WARN_COMMA = YES;
				CLANG_WARN_CONSTANT_CONVERSION = YES;
				CLANG_WARN_DEPRECATED_OBJC_IMPLEMENTATIONS = YES;
				CLANG_WARN_DIRECT_OBJC_ISA_USAGE = YES_ERROR;
				CLANG_WARN_DOCUMENTATION_COMMENTS = YES;
				CLANG_WARN_EMPTY_BODY = YES;
				CLANG_WARN_ENUM_CONVERSION = YES;
				CLANG_WARN_INFINITE_RECURSION = YES;
				CLANG_WARN_INT_CONVERSION = YES;
				CLANG_WARN_NON_LITERAL_NULL_CONVERSION = YES;
				CLANG_WARN_OBJC_IMPLICIT_RETAIN_SELF = YES;
				CLANG_WARN_OBJC_LITERAL_CONVERSION = YES;
				CLANG_WARN_OBJC_ROOT_CLASS = YES_ERROR;
				CLANG_WARN_RANGE_LOOP_ANALYSIS = YES;
				CLANG_WARN_STRICT_PROTOTYPES = YES;
				CLANG_WARN_SUSPICIOUS_MOVE = YES;
				CLANG_WARN_UNGUARDED_AVAILABILITY = YES_AGGRESSIVE;
				CLANG_WARN_UNREACHABLE_CODE = YES;
				CLANG_WARN__DUPLICATE_METHOD_MATCH = YES;
				COPY_PHASE_STRIP = NO;
				DEBUG_INFORMATION_FORMAT = dwarf;
				ENABLE_STRICT_OBJC_MSGSEND = YES;
				ENABLE_TESTABILITY = YES;
				GCC_C_LANGUAGE_STANDARD = gnu11;
				GCC_DYNAMIC_NO_PIC = NO;
				GCC_NO_COMMON_BLOCKS = YES;
				GCC_OPTIMIZATION_LEVEL = 0;
				GCC_PREPROCESSOR_DEFINITIONS = (
					"DEBUG=1",
					"$(inherited)",
				);
				GCC_WARN_64_TO_32_BIT_CONVERSION = YES;
				GCC_WARN_ABOUT_RETURN_TYPE = YES_ERROR;
				GCC_WARN_UNDECLARED_SELECTOR = YES;
				GCC_WARN_UNINITIALIZED_AUTOS = YES_AGGRESSIVE;
				GCC_WARN_UNUSED_FUNCTION = YES;
				GCC_WARN_UNUSED_VARIABLE = YES;
				IPHONEOS_DEPLOYMENT_TARGET = 13.2;
				MTL_ENABLE_DEBUG_INFO = INCLUDE_SOURCE;
				MTL_FAST_MATH = YES;
				ONLY_ACTIVE_ARCH = YES;
				SDKROOT = iphoneos;
				SWIFT_ACTIVE_COMPILATION_CONDITIONS = DEBUG;
				SWIFT_OPTIMIZATION_LEVEL = "-Onone";
			};
			name = Debug;
		};
		F3EBB68E23F455DB005AD08D /* Release */ = {
			isa = XCBuildConfiguration;
			buildSettings = {
				ALWAYS_SEARCH_USER_PATHS = NO;
				CLANG_ANALYZER_NONNULL = YES;
				CLANG_ANALYZER_NUMBER_OBJECT_CONVERSION = YES_AGGRESSIVE;
				CLANG_CXX_LANGUAGE_STANDARD = "gnu++14";
				CLANG_CXX_LIBRARY = "libc++";
				CLANG_ENABLE_MODULES = YES;
				CLANG_ENABLE_OBJC_ARC = YES;
				CLANG_ENABLE_OBJC_WEAK = YES;
				CLANG_WARN_BLOCK_CAPTURE_AUTORELEASING = YES;
				CLANG_WARN_BOOL_CONVERSION = YES;
				CLANG_WARN_COMMA = YES;
				CLANG_WARN_CONSTANT_CONVERSION = YES;
				CLANG_WARN_DEPRECATED_OBJC_IMPLEMENTATIONS = YES;
				CLANG_WARN_DIRECT_OBJC_ISA_USAGE = YES_ERROR;
				CLANG_WARN_DOCUMENTATION_COMMENTS = YES;
				CLANG_WARN_EMPTY_BODY = YES;
				CLANG_WARN_ENUM_CONVERSION = YES;
				CLANG_WARN_INFINITE_RECURSION = YES;
				CLANG_WARN_INT_CONVERSION = YES;
				CLANG_WARN_NON_LITERAL_NULL_CONVERSION = YES;
				CLANG_WARN_OBJC_IMPLICIT_RETAIN_SELF = YES;
				CLANG_WARN_OBJC_LITERAL_CONVERSION = YES;
				CLANG_WARN_OBJC_ROOT_CLASS = YES_ERROR;
				CLANG_WARN_RANGE_LOOP_ANALYSIS = YES;
				CLANG_WARN_STRICT_PROTOTYPES = YES;
				CLANG_WARN_SUSPICIOUS_MOVE = YES;
				CLANG_WARN_UNGUARDED_AVAILABILITY = YES_AGGRESSIVE;
				CLANG_WARN_UNREACHABLE_CODE = YES;
				CLANG_WARN__DUPLICATE_METHOD_MATCH = YES;
				COPY_PHASE_STRIP = NO;
				DEBUG_INFORMATION_FORMAT = "dwarf-with-dsym";
				ENABLE_NS_ASSERTIONS = NO;
				ENABLE_STRICT_OBJC_MSGSEND = YES;
				GCC_C_LANGUAGE_STANDARD = gnu11;
				GCC_NO_COMMON_BLOCKS = YES;
				GCC_WARN_64_TO_32_BIT_CONVERSION = YES;
				GCC_WARN_ABOUT_RETURN_TYPE = YES_ERROR;
				GCC_WARN_UNDECLARED_SELECTOR = YES;
				GCC_WARN_UNINITIALIZED_AUTOS = YES_AGGRESSIVE;
				GCC_WARN_UNUSED_FUNCTION = YES;
				GCC_WARN_UNUSED_VARIABLE = YES;
				IPHONEOS_DEPLOYMENT_TARGET = 13.2;
				MTL_ENABLE_DEBUG_INFO = NO;
				MTL_FAST_MATH = YES;
				SDKROOT = iphoneos;
				SWIFT_COMPILATION_MODE = wholemodule;
				SWIFT_OPTIMIZATION_LEVEL = "-O";
				VALIDATE_PRODUCT = YES;
			};
			name = Release;
		};
		F3EBB69023F455DB005AD08D /* Debug */ = {
			isa = XCBuildConfiguration;
			baseConfigurationReference = 75364A4969C99C1C2A5B074B /* Pods-MiniGram.debug.xcconfig */;
			buildSettings = {
				ASSETCATALOG_COMPILER_APPICON_NAME = AppIcon;
				CODE_SIGN_STYLE = Automatic;
				DEVELOPMENT_TEAM = R85MR64J5N;
				INFOPLIST_FILE = MiniGram/Info.plist;
				LD_RUNPATH_SEARCH_PATHS = (
					"$(inherited)",
					"@executable_path/Frameworks",
				);
				PRODUCT_BUNDLE_IDENTIFIER = JosephManahan.minigramApplication;
				PRODUCT_NAME = MiniGram;
				SWIFT_ENABLE_BATCH_MODE = NO;
				SWIFT_VERSION = 5.0;
				TARGETED_DEVICE_FAMILY = "1,2";
			};
			name = Debug;
		};
		F3EBB69123F455DB005AD08D /* Release */ = {
			isa = XCBuildConfiguration;
			baseConfigurationReference = E1995FBFF8CE42EBCF284E4B /* Pods-MiniGram.release.xcconfig */;
			buildSettings = {
				ASSETCATALOG_COMPILER_APPICON_NAME = AppIcon;
				CODE_SIGN_STYLE = Automatic;
				DEVELOPMENT_TEAM = R85MR64J5N;
				INFOPLIST_FILE = MiniGram/Info.plist;
				LD_RUNPATH_SEARCH_PATHS = (
					"$(inherited)",
					"@executable_path/Frameworks",
				);
				PRODUCT_BUNDLE_IDENTIFIER = JosephManahan.minigramApplication;
				PRODUCT_NAME = MiniGram;
				SWIFT_ENABLE_BATCH_MODE = NO;
				SWIFT_VERSION = 5.0;
				TARGETED_DEVICE_FAMILY = "1,2";
			};
			name = Release;
		};
/* End XCBuildConfiguration section */

/* Begin XCConfigurationList section */
		F3EBB67623F455D9005AD08D /* Build configuration list for PBXProject "MiniGram" */ = {
			isa = XCConfigurationList;
			buildConfigurations = (
				F3EBB68D23F455DB005AD08D /* Debug */,
				F3EBB68E23F455DB005AD08D /* Release */,
			);
			defaultConfigurationIsVisible = 0;
			defaultConfigurationName = Release;
		};
		F3EBB68F23F455DB005AD08D /* Build configuration list for PBXNativeTarget "MiniGram" */ = {
			isa = XCConfigurationList;
			buildConfigurations = (
				F3EBB69023F455DB005AD08D /* Debug */,
				F3EBB69123F455DB005AD08D /* Release */,
			);
			defaultConfigurationIsVisible = 0;
			defaultConfigurationName = Release;
		};
/* End XCConfigurationList section */
	};
	rootObject = F3EBB67323F455D9005AD08D /* Project object */;
}
